
Microsoft Visual Studio Solution File, Format Version 12.00
# Visual Studio Version 16
VisualStudioVersion = 16.0.30309.148
MinimumVisualStudioVersion = 10.0.40219.1
Project("{9A19103F-16F7-4668-BE54-9A1E7A4F7556}") = "RPizza.Server", "RPizza\Server\RPizza.Server.csproj", "{E9401C3A-3A76-4E1B-86F6-874785E2EFB3}"
EndProject
Project("{9A19103F-16F7-4668-BE54-9A1E7A4F7556}") = "RPizza.Client", "RPizza\Client\RPizza.Client.csproj", "{85C6AF91-602A-4357-A5EC-C7BC12BD491C}"
EndProject
Project("{9A19103F-16F7-4668-BE54-9A1E7A4F7556}") = "RPizza.Shared", "RPizza\Shared\RPizza.Shared.csproj", "{ED4052F9-2250-482F-B70B-160051CCD3D8}"
EndProject
Project("{9A19103F-16F7-4668-BE54-9A1E7A4F7556}") = "RPizza.ComponentsLibrary", "RPizza.ComponentsLibrary\RPizza.ComponentsLibrary.csproj", "{448B9CB7-AE20-4BED-BAC0-450CEFDE73FF}"
EndProject
Global
	GlobalSection(SolutionConfigurationPlatforms) = preSolution
		Debug|Any CPU = Debug|Any CPU
		Release|Any CPU = Release|Any CPU
	EndGlobalSection
	GlobalSection(ProjectConfigurationPlatforms) = postSolution
		{E9401C3A-3A76-4E1B-86F6-874785E2EFB3}.Debug|Any CPU.ActiveCfg = Debug|Any CPU
		{E9401C3A-3A76-4E1B-86F6-874785E2EFB3}.Debug|Any CPU.Build.0 = Debug|Any CPU
		{E9401C3A-3A76-4E1B-86F6-874785E2EFB3}.Release|Any CPU.ActiveCfg = Release|Any CPU
		{E9401C3A-3A76-4E1B-86F6-874785E2EFB3}.Release|Any CPU.Build.0 = Release|Any CPU
		{85C6AF91-602A-4357-A5EC-C7BC12BD491C}.Debug|Any CPU.ActiveCfg = Debug|Any CPU
		{85C6AF91-602A-4357-A5EC-C7BC12BD491C}.Debug|Any CPU.Build.0 = Debug|Any CPU
		{85C6AF91-602A-4357-A5EC-C7BC12BD491C}.Release|Any CPU.ActiveCfg = Release|Any CPU
		{85C6AF91-602A-4357-A5EC-C7BC12BD491C}.Release|Any CPU.Build.0 = Release|Any CPU
		{ED4052F9-2250-482F-B70B-160051CCD3D8}.Debug|Any CPU.ActiveCfg = Debug|Any CPU
		{ED4052F9-2250-482F-B70B-160051CCD3D8}.Debug|Any CPU.Build.0 = Debug|Any CPU
		{ED4052F9-2250-482F-B70B-160051CCD3D8}.Release|Any CPU.ActiveCfg = Release|Any CPU
		{ED4052F9-2250-482F-B70B-160051CCD3D8}.Release|Any CPU.Build.0 = Release|Any CPU
		{448B9CB7-AE20-4BED-BAC0-450CEFDE73FF}.Debug|Any CPU.ActiveCfg = Debug|Any CPU
		{448B9CB7-AE20-4BED-BAC0-450CEFDE73FF}.Debug|Any CPU.Build.0 = Debug|Any CPU
		{448B9CB7-AE20-4BED-BAC0-450CEFDE73FF}.Release|Any CPU.ActiveCfg = Release|Any CPU
		{448B9CB7-AE20-4BED-BAC0-450CEFDE73FF}.Release|Any CPU.Build.0 = Release|Any CPU
	EndGlobalSection
	GlobalSection(SolutionProperties) = preSolution
		HideSolutionNode = FALSE
	EndGlobalSection
	GlobalSection(ExtensibilityGlobals) = postSolution
		SolutionGuid = {C6D68D39-6555-4518-BC11-AEBF3CD48F51}
	EndGlobalSection
EndGlobal
